// !$*UTF8*$!
{
	archiveVersion = 1;
	classes = {
	};
	objectVersion = 55;
	objects = {

/* Begin PBXBuildFile section */
		162FD5AC27EF7DBB00418704 /* Auto_ScoreApp.swift in Sources */ = {isa = PBXBuildFile; fileRef = 162FD59C27EF7DBA00418704 /* Auto_ScoreApp.swift */; };
		162FD5AD27EF7DBB00418704 /* Auto_ScoreApp.swift in Sources */ = {isa = PBXBuildFile; fileRef = 162FD59C27EF7DBA00418704 /* Auto_ScoreApp.swift */; };
		162FD5AE27EF7DBB00418704 /* ContentView.swift in Sources */ = {isa = PBXBuildFile; fileRef = 162FD59D27EF7DBA00418704 /* ContentView.swift */; };
		162FD5AF27EF7DBB00418704 /* ContentView.swift in Sources */ = {isa = PBXBuildFile; fileRef = 162FD59D27EF7DBA00418704 /* ContentView.swift */; };
		162FD5B027EF7DBB00418704 /* Assets.xcassets in Resources */ = {isa = PBXBuildFile; fileRef = 162FD59E27EF7DBB00418704 /* Assets.xcassets */; };
		162FD5B127EF7DBB00418704 /* Assets.xcassets in Resources */ = {isa = PBXBuildFile; fileRef = 162FD59E27EF7DBB00418704 /* Assets.xcassets */; };
		162FD5BE27EF8D7900418704 /* Trim_Video.swift in Sources */ = {isa = PBXBuildFile; fileRef = 162FD5BD27EF8D7900418704 /* Trim_Video.swift */; };
		162FD5C527EF931000418704 /* Import_Video.swift in Sources */ = {isa = PBXBuildFile; fileRef = 162FD5C427EF931000418704 /* Import_Video.swift */; };
		162FD5C627EF931000418704 /* Import_Video.swift in Sources */ = {isa = PBXBuildFile; fileRef = 162FD5C427EF931000418704 /* Import_Video.swift */; };
		167BD32127F1301000AAF962 /* ProcessVideo.swift in Sources */ = {isa = PBXBuildFile; fileRef = 167BD32027F1301000AAF962 /* ProcessVideo.swift */; };
		167BD32227F1301000AAF962 /* ProcessVideo.swift in Sources */ = {isa = PBXBuildFile; fileRef = 167BD32027F1301000AAF962 /* ProcessVideo.swift */; };
/* End PBXBuildFile section */

/* Begin PBXFileReference section */
		162FD59C27EF7DBA00418704 /* Auto_ScoreApp.swift */ = {isa = PBXFileReference; lastKnownFileType = sourcecode.swift; path = Auto_ScoreApp.swift; sourceTree = "<group>"; };
		162FD59D27EF7DBA00418704 /* ContentView.swift */ = {isa = PBXFileReference; lastKnownFileType = sourcecode.swift; path = ContentView.swift; sourceTree = "<group>"; };
		162FD59E27EF7DBB00418704 /* Assets.xcassets */ = {isa = PBXFileReference; lastKnownFileType = folder.assetcatalog; path = Assets.xcassets; sourceTree = "<group>"; };
		162FD5A327EF7DBB00418704 /* Auto Score.app */ = {isa = PBXFileReference; explicitFileType = wrapper.application; includeInIndex = 0; path = "Auto Score.app"; sourceTree = BUILT_PRODUCTS_DIR; };
		162FD5A927EF7DBB00418704 /* Auto Score.app */ = {isa = PBXFileReference; explicitFileType = wrapper.application; includeInIndex = 0; path = "Auto Score.app"; sourceTree = BUILT_PRODUCTS_DIR; };
		162FD5AB27EF7DBB00418704 /* macOS.entitlements */ = {isa = PBXFileReference; lastKnownFileType = text.plist.entitlements; path = macOS.entitlements; sourceTree = "<group>"; };
		162FD5BD27EF8D7900418704 /* Trim_Video.swift */ = {isa = PBXFileReference; lastKnownFileType = sourcecode.swift; path = Trim_Video.swift; sourceTree = "<group>"; };
		162FD5C427EF931000418704 /* Import_Video.swift */ = {isa = PBXFileReference; lastKnownFileType = sourcecode.swift; path = Import_Video.swift; sourceTree = "<group>"; };
		167BD32027F1301000AAF962 /* ProcessVideo.swift */ = {isa = PBXFileReference; lastKnownFileType = sourcecode.swift; path = ProcessVideo.swift; sourceTree = "<group>"; };
		167BD32327F1341F00AAF962 /* Auto Score (iOS).entitlements */ = {isa = PBXFileReference; lastKnownFileType = text.plist.entitlements; path = "Auto Score (iOS).entitlements"; sourceTree = "<group>"; };
/* End PBXFileReference section */

/* Begin PBXFrameworksBuildPhase section */
		162FD5A027EF7DBB00418704 /* Frameworks */ = {
			isa = PBXFrameworksBuildPhase;
			buildActionMask = 2147483647;
			files = (
			);
			runOnlyForDeploymentPostprocessing = 0;
		};
		162FD5A627EF7DBB00418704 /* Frameworks */ = {
			isa = PBXFrameworksBuildPhase;
			buildActionMask = 2147483647;
			files = (
			);
			runOnlyForDeploymentPostprocessing = 0;
		};
/* End PBXFrameworksBuildPhase section */

/* Begin PBXGroup section */
		162FD59627EF7DBA00418704 = {
			isa = PBXGroup;
			children = (
				167BD32327F1341F00AAF962 /* Auto Score (iOS).entitlements */,
				162FD59B27EF7DBA00418704 /* Shared */,
				162FD5AA27EF7DBB00418704 /* macOS */,
				162FD5A427EF7DBB00418704 /* Products */,
				51B2504F6D47AABF7B012C92 /* Pods */,
			);
			sourceTree = "<group>";
		};
		162FD59B27EF7DBA00418704 /* Shared */ = {
			isa = PBXGroup;
			children = (
				162FD59C27EF7DBA00418704 /* Auto_ScoreApp.swift */,
				162FD59D27EF7DBA00418704 /* ContentView.swift */,
				162FD59E27EF7DBB00418704 /* Assets.xcassets */,
				162FD5C327EF8EDB00418704 /* Video_Actions */,
			);
			path = Shared;
			sourceTree = "<group>";
		};
		162FD5A427EF7DBB00418704 /* Products */ = {
			isa = PBXGroup;
			children = (
				162FD5A327EF7DBB00418704 /* Auto Score.app */,
				162FD5A927EF7DBB00418704 /* Auto Score.app */,
			);
			name = Products;
			sourceTree = "<group>";
		};
		162FD5AA27EF7DBB00418704 /* macOS */ = {
			isa = PBXGroup;
			children = (
				162FD5AB27EF7DBB00418704 /* macOS.entitlements */,
			);
			path = macOS;
			sourceTree = "<group>";
		};
		162FD5C327EF8EDB00418704 /* Video_Actions */ = {
			isa = PBXGroup;
			children = (
				162FD5BD27EF8D7900418704 /* Trim_Video.swift */,
				162FD5C427EF931000418704 /* Import_Video.swift */,
				167BD32027F1301000AAF962 /* ProcessVideo.swift */,
			);
			path = Video_Actions;
			sourceTree = "<group>";
		};
		51B2504F6D47AABF7B012C92 /* Pods */ = {
			isa = PBXGroup;
			children = (
			);
			path = Pods;
			sourceTree = "<group>";
		};
/* End PBXGroup section */

/* Begin PBXNativeTarget section */
		162FD5A227EF7DBB00418704 /* Auto Score (iOS) */ = {
			isa = PBXNativeTarget;
			buildConfigurationList = 162FD5B427EF7DBB00418704 /* Build configuration list for PBXNativeTarget "Auto Score (iOS)" */;
			buildPhases = (
				162FD59F27EF7DBB00418704 /* Sources */,
				162FD5A027EF7DBB00418704 /* Frameworks */,
				162FD5A127EF7DBB00418704 /* Resources */,
			);
			buildRules = (
			);
			dependencies = (
			);
			name = "Auto Score (iOS)";
			productName = "Auto Score (iOS)";
			productReference = 162FD5A327EF7DBB00418704 /* Auto Score.app */;
			productType = "com.apple.product-type.application";
		};
		162FD5A827EF7DBB00418704 /* Auto Score (macOS) */ = {
			isa = PBXNativeTarget;
			buildConfigurationList = 162FD5B727EF7DBB00418704 /* Build configuration list for PBXNativeTarget "Auto Score (macOS)" */;
			buildPhases = (
				162FD5A527EF7DBB00418704 /* Sources */,
				162FD5A627EF7DBB00418704 /* Frameworks */,
				162FD5A727EF7DBB00418704 /* Resources */,
			);
			buildRules = (
			);
			dependencies = (
			);
			name = "Auto Score (macOS)";
			productName = "Auto Score (macOS)";
			productReference = 162FD5A927EF7DBB00418704 /* Auto Score.app */;
			productType = "com.apple.product-type.application";
		};
/* End PBXNativeTarget section */

/* Begin PBXProject section */
		162FD59727EF7DBA00418704 /* Project object */ = {
			isa = PBXProject;
			attributes = {
				BuildIndependentTargetsInParallel = 1;
				LastSwiftUpdateCheck = 1330;
				LastUpgradeCheck = 1330;
				TargetAttributes = {
					162FD5A227EF7DBB00418704 = {
						CreatedOnToolsVersion = 13.3;
					};
					162FD5A827EF7DBB00418704 = {
						CreatedOnToolsVersion = 13.3;
					};
				};
			};
			buildConfigurationList = 162FD59A27EF7DBA00418704 /* Build configuration list for PBXProject "Auto Score" */;
			compatibilityVersion = "Xcode 13.0";
			developmentRegion = en;
			hasScannedForEncodings = 0;
			knownRegions = (
				en,
				Base,
			);
			mainGroup = 162FD59627EF7DBA00418704;
			productRefGroup = 162FD5A427EF7DBB00418704 /* Products */;
			projectDirPath = "";
			projectRoot = "";
			targets = (
				162FD5A227EF7DBB00418704 /* Auto Score (iOS) */,
				162FD5A827EF7DBB00418704 /* Auto Score (macOS) */,
			);
		};
/* End PBXProject section */

/* Begin PBXResourcesBuildPhase section */
		162FD5A127EF7DBB00418704 /* Resources */ = {
			isa = PBXResourcesBuildPhase;
			buildActionMask = 2147483647;
			files = (
				162FD5B027EF7DBB00418704 /* Assets.xcassets in Resources */,
			);
			runOnlyForDeploymentPostprocessing = 0;
		};
		162FD5A727EF7DBB00418704 /* Resources */ = {
			isa = PBXResourcesBuildPhase;
			buildActionMask = 2147483647;
			files = (
				162FD5B127EF7DBB00418704 /* Assets.xcassets in Resources */,
			);
			runOnlyForDeploymentPostprocessing = 0;
		};
/* End PBXResourcesBuildPhase section */

/* Begin PBXSourcesBuildPhase section */
		162FD59F27EF7DBB00418704 /* Sources */ = {
			isa = PBXSourcesBuildPhase;
			buildActionMask = 2147483647;
			files = (
				162FD5AE27EF7DBB00418704 /* ContentView.swift in Sources */,
				162FD5C527EF931000418704 /* Import_Video.swift in Sources */,
				162FD5AC27EF7DBB00418704 /* Auto_ScoreApp.swift in Sources */,
				162FD5BE27EF8D7900418704 /* Trim_Video.swift in Sources */,
				167BD32127F1301000AAF962 /* ProcessVideo.swift in Sources */,
			);
			runOnlyForDeploymentPostprocessing = 0;
		};
		162FD5A527EF7DBB00418704 /* Sources */ = {
			isa = PBXSourcesBuildPhase;
			buildActionMask = 2147483647;
			files = (
				162FD5AF27EF7DBB00418704 /* ContentView.swift in Sources */,
				162FD5C627EF931000418704 /* Import_Video.swift in Sources */,
				162FD5AD27EF7DBB00418704 /* Auto_ScoreApp.swift in Sources */,
				167BD32227F1301000AAF962 /* ProcessVideo.swift in Sources */,
			);
			runOnlyForDeploymentPostprocessing = 0;
		};
/* End PBXSourcesBuildPhase section */

/* Begin XCBuildConfiguration section */
		162FD5B227EF7DBB00418704 /* Debug */ = {
			isa = XCBuildConfiguration;
			buildSettings = {
				ALWAYS_SEARCH_USER_PATHS = NO;
				CLANG_ANALYZER_NONNULL = YES;
				CLANG_ANALYZER_NUMBER_OBJECT_CONVERSION = YES_AGGRESSIVE;
				CLANG_CXX_LANGUAGE_STANDARD = "gnu++17";
				CLANG_ENABLE_MODULES = YES;
				CLANG_ENABLE_OBJC_ARC = YES;
				CLANG_ENABLE_OBJC_WEAK = YES;
				CLANG_WARN_BLOCK_CAPTURE_AUTORELEASING = YES;
				CLANG_WARN_BOOL_CONVERSION = YES;
				CLANG_WARN_COMMA = YES;
				CLANG_WARN_CONSTANT_CONVERSION = YES;
				CLANG_WARN_DEPRECATED_OBJC_IMPLEMENTATIONS = YES;
				CLANG_WARN_DIRECT_OBJC_ISA_USAGE = YES_ERROR;
				CLANG_WARN_DOCUMENTATION_COMMENTS = YES;
				CLANG_WARN_EMPTY_BODY = YES;
				CLANG_WARN_ENUM_CONVERSION = YES;
				CLANG_WARN_INFINITE_RECURSION = YES;
				CLANG_WARN_INT_CONVERSION = YES;
				CLANG_WARN_NON_LITERAL_NULL_CONVERSION = YES;
				CLANG_WARN_OBJC_IMPLICIT_RETAIN_SELF = YES;
				CLANG_WARN_OBJC_LITERAL_CONVERSION = YES;
				CLANG_WARN_OBJC_ROOT_CLASS = YES_ERROR;
				CLANG_WARN_QUOTED_INCLUDE_IN_FRAMEWORK_HEADER = YES;
				CLANG_WARN_RANGE_LOOP_ANALYSIS = YES;
				CLANG_WARN_STRICT_PROTOTYPES = YES;
				CLANG_WARN_SUSPICIOUS_MOVE = YES;
				CLANG_WARN_UNGUARDED_AVAILABILITY = YES_AGGRESSIVE;
				CLANG_WARN_UNREACHABLE_CODE = YES;
				CLANG_WARN__DUPLICATE_METHOD_MATCH = YES;
				COPY_PHASE_STRIP = NO;
				DEBUG_INFORMATION_FORMAT = dwarf;
				ENABLE_STRICT_OBJC_MSGSEND = YES;
				ENABLE_TESTABILITY = YES;
				GCC_C_LANGUAGE_STANDARD = gnu11;
				GCC_DYNAMIC_NO_PIC = NO;
				GCC_NO_COMMON_BLOCKS = YES;
				GCC_OPTIMIZATION_LEVEL = 0;
				GCC_PREPROCESSOR_DEFINITIONS = (
					"DEBUG=1",
					"$(inherited)",
				);
				GCC_WARN_64_TO_32_BIT_CONVERSION = YES;
				GCC_WARN_ABOUT_RETURN_TYPE = YES_ERROR;
				GCC_WARN_UNDECLARED_SELECTOR = YES;
				GCC_WARN_UNINITIALIZED_AUTOS = YES_AGGRESSIVE;
				GCC_WARN_UNUSED_FUNCTION = YES;
				GCC_WARN_UNUSED_VARIABLE = YES;
				MTL_ENABLE_DEBUG_INFO = INCLUDE_SOURCE;
				MTL_FAST_MATH = YES;
				ONLY_ACTIVE_ARCH = YES;
				SWIFT_ACTIVE_COMPILATION_CONDITIONS = DEBUG;
				SWIFT_OPTIMIZATION_LEVEL = "-Onone";
			};
			name = Debug;
		};
		162FD5B327EF7DBB00418704 /* Release */ = {
			isa = XCBuildConfiguration;
			buildSettings = {
				ALWAYS_SEARCH_USER_PATHS = NO;
				CLANG_ANALYZER_NONNULL = YES;
				CLANG_ANALYZER_NUMBER_OBJECT_CONVERSION = YES_AGGRESSIVE;
				CLANG_CXX_LANGUAGE_STANDARD = "gnu++17";
				CLANG_ENABLE_MODULES = YES;
				CLANG_ENABLE_OBJC_ARC = YES;
				CLANG_ENABLE_OBJC_WEAK = YES;
				CLANG_WARN_BLOCK_CAPTURE_AUTORELEASING = YES;
				CLANG_WARN_BOOL_CONVERSION = YES;
				CLANG_WARN_COMMA = YES;
				CLANG_WARN_CONSTANT_CONVERSION = YES;
				CLANG_WARN_DEPRECATED_OBJC_IMPLEMENTATIONS = YES;
				CLANG_WARN_DIRECT_OBJC_ISA_USAGE = YES_ERROR;
				CLANG_WARN_DOCUMENTATION_COMMENTS = YES;
				CLANG_WARN_EMPTY_BODY = YES;
				CLANG_WARN_ENUM_CONVERSION = YES;
				CLANG_WARN_INFINITE_RECURSION = YES;
				CLANG_WARN_INT_CONVERSION = YES;
				CLANG_WARN_NON_LITERAL_NULL_CONVERSION = YES;
				CLANG_WARN_OBJC_IMPLICIT_RETAIN_SELF = YES;
				CLANG_WARN_OBJC_LITERAL_CONVERSION = YES;
				CLANG_WARN_OBJC_ROOT_CLASS = YES_ERROR;
				CLANG_WARN_QUOTED_INCLUDE_IN_FRAMEWORK_HEADER = YES;
				CLANG_WARN_RANGE_LOOP_ANALYSIS = YES;
				CLANG_WARN_STRICT_PROTOTYPES = YES;
				CLANG_WARN_SUSPICIOUS_MOVE = YES;
				CLANG_WARN_UNGUARDED_AVAILABILITY = YES_AGGRESSIVE;
				CLANG_WARN_UNREACHABLE_CODE = YES;
				CLANG_WARN__DUPLICATE_METHOD_MATCH = YES;
				COPY_PHASE_STRIP = NO;
				DEBUG_INFORMATION_FORMAT = "dwarf-with-dsym";
				ENABLE_NS_ASSERTIONS = NO;
				ENABLE_STRICT_OBJC_MSGSEND = YES;
				GCC_C_LANGUAGE_STANDARD = gnu11;
				GCC_NO_COMMON_BLOCKS = YES;
				GCC_WARN_64_TO_32_BIT_CONVERSION = YES;
				GCC_WARN_ABOUT_RETURN_TYPE = YES_ERROR;
				GCC_WARN_UNDECLARED_SELECTOR = YES;
				GCC_WARN_UNINITIALIZED_AUTOS = YES_AGGRESSIVE;
				GCC_WARN_UNUSED_FUNCTION = YES;
				GCC_WARN_UNUSED_VARIABLE = YES;
				MTL_ENABLE_DEBUG_INFO = NO;
				MTL_FAST_MATH = YES;
				SWIFT_COMPILATION_MODE = wholemodule;
				SWIFT_OPTIMIZATION_LEVEL = "-O";
			};
			name = Release;
		};
		162FD5B527EF7DBB00418704 /* Debug */ = {
			isa = XCBuildConfiguration;
			buildSettings = {
				ASSETCATALOG_COMPILER_APPICON_NAME = AppIcon;
				ASSETCATALOG_COMPILER_GLOBAL_ACCENT_COLOR_NAME = AccentColor;
				CODE_SIGN_ENTITLEMENTS = "Auto Score (iOS).entitlements";
				CODE_SIGN_IDENTITY = "Apple Development";
				"CODE_SIGN_IDENTITY[sdk=macosx*]" = "Apple Development";
				CODE_SIGN_STYLE = Automatic;
				CURRENT_PROJECT_VERSION = 1;
				DEVELOPMENT_TEAM = CEYWHSU86S;
				ENABLE_PREVIEWS = YES;
				GENERATE_INFOPLIST_FILE = YES;
				INFOPLIST_KEY_UIApplicationSceneManifest_Generation = YES;
				INFOPLIST_KEY_UIApplicationSupportsIndirectInputEvents = YES;
				INFOPLIST_KEY_UILaunchScreen_Generation = YES;
				INFOPLIST_KEY_UISupportedInterfaceOrientations_iPad = "UIInterfaceOrientationPortrait UIInterfaceOrientationPortraitUpsideDown UIInterfaceOrientationLandscapeLeft UIInterfaceOrientationLandscapeRight";
				INFOPLIST_KEY_UISupportedInterfaceOrientations_iPhone = "UIInterfaceOrientationPortrait UIInterfaceOrientationLandscapeLeft UIInterfaceOrientationLandscapeRight";
				IPHONEOS_DEPLOYMENT_TARGET = 15.4;
				LD_RUNPATH_SEARCH_PATHS = (
					"$(inherited)",
					"@executable_path/Frameworks",
				);
				MARKETING_VERSION = 1.0;
				PRODUCT_BUNDLE_IDENTIFIER = AutoMusic.Score;
				PRODUCT_NAME = "Auto Score";
				PROVISIONING_PROFILE_SPECIFIER = "";
				SDKROOT = iphoneos;
				SUPPORTS_MACCATALYST = YES;
				SUPPORTS_MAC_DESIGNED_FOR_IPHONE_IPAD = NO;
				SWIFT_EMIT_LOC_STRINGS = YES;
				SWIFT_VERSION = 5.0;
				TARGETED_DEVICE_FAMILY = "1,2,6";
			};
			name = Debug;
		};
		162FD5B627EF7DBB00418704 /* Release */ = {
			isa = XCBuildConfiguration;
			buildSettings = {
				ASSETCATALOG_COMPILER_APPICON_NAME = AppIcon;
				ASSETCATALOG_COMPILER_GLOBAL_ACCENT_COLOR_NAME = AccentColor;
				CODE_SIGN_ENTITLEMENTS = "Auto Score (iOS).entitlements";
				CODE_SIGN_IDENTITY = "Apple Development";
				"CODE_SIGN_IDENTITY[sdk=macosx*]" = "Apple Development";
				CODE_SIGN_STYLE = Automatic;
				CURRENT_PROJECT_VERSION = 1;
				DEVELOPMENT_TEAM = CEYWHSU86S;
				ENABLE_PREVIEWS = YES;
				GENERATE_INFOPLIST_FILE = YES;
				INFOPLIST_KEY_UIApplicationSceneManifest_Generation = YES;
				INFOPLIST_KEY_UIApplicationSupportsIndirectInputEvents = YES;
				INFOPLIST_KEY_UILaunchScreen_Generation = YES;
				INFOPLIST_KEY_UISupportedInterfaceOrientations_iPad = "UIInterfaceOrientationPortrait UIInterfaceOrientationPortraitUpsideDown UIInterfaceOrientationLandscapeLeft UIInterfaceOrientationLandscapeRight";
				INFOPLIST_KEY_UISupportedInterfaceOrientations_iPhone = "UIInterfaceOrientationPortrait UIInterfaceOrientationLandscapeLeft UIInterfaceOrientationLandscapeRight";
				IPHONEOS_DEPLOYMENT_TARGET = 15.4;
				LD_RUNPATH_SEARCH_PATHS = (
					"$(inherited)",
					"@executable_path/Frameworks",
				);
				MARKETING_VERSION = 1.0;
				PRODUCT_BUNDLE_IDENTIFIER = AutoMusic.Score;
				PRODUCT_NAME = "Auto Score";
				PROVISIONING_PROFILE_SPECIFIER = "";
				SDKROOT = iphoneos;
				SUPPORTS_MACCATALYST = YES;
				SUPPORTS_MAC_DESIGNED_FOR_IPHONE_IPAD = NO;
				SWIFT_EMIT_LOC_STRINGS = YES;
				SWIFT_VERSION = 5.0;
				TARGETED_DEVICE_FAMILY = "1,2,6";
				VALIDATE_PRODUCT = YES;
			};
			name = Release;
		};
		162FD5B827EF7DBB00418704 /* Debug */ = {
			isa = XCBuildConfiguration;
			buildSettings = {
				ASSETCATALOG_COMPILER_APPICON_NAME = AppIcon;
				ASSETCATALOG_COMPILER_GLOBAL_ACCENT_COLOR_NAME = AccentColor;
				CODE_SIGN_ENTITLEMENTS = macOS/macOS.entitlements;
				CODE_SIGN_STYLE = Automatic;
				COMBINE_HIDPI_IMAGES = YES;
				CURRENT_PROJECT_VERSION = 1;
				DEVELOPMENT_TEAM = CEYWHSU86S;
				ENABLE_HARDENED_RUNTIME = YES;
				ENABLE_PREVIEWS = YES;
				GENERATE_INFOPLIST_FILE = YES;
				INFOPLIST_KEY_NSHumanReadableCopyright = "";
				LD_RUNPATH_SEARCH_PATHS = (
					"$(inherited)",
					"@executable_path/../Frameworks",
				);
				MACOSX_DEPLOYMENT_TARGET = 12.3;
				MARKETING_VERSION = 1.0;
				PRODUCT_BUNDLE_IDENTIFIER = "Music.Auto-Score";
				PRODUCT_NAME = "Auto Score";
				SDKROOT = macosx;
				SWIFT_EMIT_LOC_STRINGS = YES;
				SWIFT_VERSION = 5.0;
			};
			name = Debug;
		};
		162FD5B927EF7DBB00418704 /* Release */ = {
			isa = XCBuildConfiguration;
			buildSettings = {
				ASSETCATALOG_COMPILER_APPICON_NAME = AppIcon;
				ASSETCATALOG_COMPILER_GLOBAL_ACCENT_COLOR_NAME = AccentColor;
				CODE_SIGN_ENTITLEMENTS = macOS/macOS.entitlements;
				CODE_SIGN_STYLE = Automatic;
				COMBINE_HIDPI_IMAGES = YES;
				CURRENT_PROJECT_VERSION = 1;
				DEVELOPMENT_TEAM = CEYWHSU86S;
				ENABLE_HARDENED_RUNTIME = YES;
				ENABLE_PREVIEWS = YES;
				GENERATE_INFOPLIST_FILE = YES;
				INFOPLIST_KEY_NSHumanReadableCopyright = "";
				LD_RUNPATH_SEARCH_PATHS = (
					"$(inherited)",
					"@executable_path/../Frameworks",
				);
				MACOSX_DEPLOYMENT_TARGET = 12.3;
				MARKETING_VERSION = 1.0;
				PRODUCT_BUNDLE_IDENTIFIER = "Music.Auto-Score";
				PRODUCT_NAME = "Auto Score";
				SDKROOT = macosx;
				SWIFT_EMIT_LOC_STRINGS = YES;
				SWIFT_VERSION = 5.0;
			};
			name = Release;
		};
/* End XCBuildConfiguration section */

/* Begin XCConfigurationList section */
		162FD59A27EF7DBA00418704 /* Build configuration list for PBXProject "Auto Score" */ = {
			isa = XCConfigurationList;
			buildConfigurations = (
				162FD5B227EF7DBB00418704 /* Debug */,
				162FD5B327EF7DBB00418704 /* Release */,
			);
			defaultConfigurationIsVisible = 0;
			defaultConfigurationName = Release;
		};
		162FD5B427EF7DBB00418704 /* Build configuration list for PBXNativeTarget "Auto Score (iOS)" */ = {
			isa = XCConfigurationList;
			buildConfigurations = (
				162FD5B527EF7DBB00418704 /* Debug */,
				162FD5B627EF7DBB00418704 /* Release */,
			);
			defaultConfigurationIsVisible = 0;
			defaultConfigurationName = Release;
		};
		162FD5B727EF7DBB00418704 /* Build configuration list for PBXNativeTarget "Auto Score (macOS)" */ = {
			isa = XCConfigurationList;
			buildConfigurations = (
				162FD5B827EF7DBB00418704 /* Debug */,
				162FD5B927EF7DBB00418704 /* Release */,
			);
			defaultConfigurationIsVisible = 0;
			defaultConfigurationName = Release;
		};
/* End XCConfigurationList section */
	};
	rootObject = 162FD59727EF7DBA00418704 /* Project object */;
}
